
Microsoft Visual Studio Solution File, Format Version 11.00
# Visual Studio 2010
Project("{FAE04EC0-301F-11D3-BF4B-00C04F79EFBC}") = "Assembly-CSharp", "Assembly-CSharp.csproj", "{6ea64050-5472-4f29-5946-29b245f21473}"
EndProject
Project("{FAE04EC0-301F-11D3-BF4B-00C04F79EFBC}") = "GoogleMobileAds", "GoogleMobileAds.csproj", "{ee48770b-8ce6-2bc7-ad0e-0b578602d27d}"
EndProject
Project("{FAE04EC0-301F-11D3-BF4B-00C04F79EFBC}") = "AstarPathfindingProject", "AstarPathfindingProject.csproj", "{e28f4ae2-effd-dc07-a18b-2dd5bc45a6fe}"
EndProject
Project("{FAE04EC0-301F-11D3-BF4B-00C04F79EFBC}") = "Assembly-CSharp-firstpass", "Assembly-CSharp-firstpass.csproj", "{b7dc9fa3-1cec-e2b3-8092-ec18ac5caabd}"
EndProject
Project("{FAE04EC0-301F-11D3-BF4B-00C04F79EFBC}") = "AstarPathfindingProjectEditor", "AstarPathfindingProjectEditor.csproj", "{877d6adb-33cf-3d5b-5e84-52fac36b3348}"
EndProject
Project("{FAE04EC0-301F-11D3-BF4B-00C04F79EFBC}") = "PackageToolsEditor", "PackageToolsEditor.csproj", "{b4c45e3b-b68a-6290-acd6-3a15c944467b}"
EndProject
Project("{FAE04EC0-301F-11D3-BF4B-00C04F79EFBC}") = "GoogleMobileAds.Editor", "GoogleMobileAds.Editor.csproj", "{503a9f1c-05eb-3727-964d-23adcd890777}"
EndProject
Project("{FAE04EC0-301F-11D3-BF4B-00C04F79EFBC}") = "Assembly-CSharp-Editor", "Assembly-CSharp-Editor.csproj", "{554bfce2-5c33-f760-50bb-3e528ef909b9}"
EndProject
Global
	GlobalSection(SolutionConfigurationPlatforms) = preSolution
		Debug|Any CPU = Debug|Any CPU
	EndGlobalSection
	GlobalSection(ProjectConfigurationPlatforms) = postSolution
		{6ea64050-5472-4f29-5946-29b245f21473}.Debug|Any CPU.ActiveCfg = Debug|Any CPU
		{6ea64050-5472-4f29-5946-29b245f21473}.Debug|Any CPU.Build.0 = Debug|Any CPU
		{ee48770b-8ce6-2bc7-ad0e-0b578602d27d}.Debug|Any CPU.ActiveCfg = Debug|Any CPU
		{ee48770b-8ce6-2bc7-ad0e-0b578602d27d}.Debug|Any CPU.Build.0 = Debug|Any CPU
		{e28f4ae2-effd-dc07-a18b-2dd5bc45a6fe}.Debug|Any CPU.ActiveCfg = Debug|Any CPU
		{e28f4ae2-effd-dc07-a18b-2dd5bc45a6fe}.Debug|Any CPU.Build.0 = Debug|Any CPU
		{b7dc9fa3-1cec-e2b3-8092-ec18ac5caabd}.Debug|Any CPU.ActiveCfg = Debug|Any CPU
		{b7dc9fa3-1cec-e2b3-8092-ec18ac5caabd}.Debug|Any CPU.Build.0 = Debug|Any CPU
		{877d6adb-33cf-3d5b-5e84-52fac36b3348}.Debug|Any CPU.ActiveCfg = Debug|Any CPU
		{877d6adb-33cf-3d5b-5e84-52fac36b3348}.Debug|Any CPU.Build.0 = Debug|Any CPU
		{b4c45e3b-b68a-6290-acd6-3a15c944467b}.Debug|Any CPU.ActiveCfg = Debug|Any CPU
		{b4c45e3b-b68a-6290-acd6-3a15c944467b}.Debug|Any CPU.Build.0 = Debug|Any CPU
		{503a9f1c-05eb-3727-964d-23adcd890777}.Debug|Any CPU.ActiveCfg = Debug|Any CPU
		{503a9f1c-05eb-3727-964d-23adcd890777}.Debug|Any CPU.Build.0 = Debug|Any CPU
		{554bfce2-5c33-f760-50bb-3e528ef909b9}.Debug|Any CPU.ActiveCfg = Debug|Any CPU
		{554bfce2-5c33-f760-50bb-3e528ef909b9}.Debug|Any CPU.Build.0 = Debug|Any CPU
	EndGlobalSection
	GlobalSection(SolutionProperties) = preSolution
		HideSolutionNode = FALSE
	EndGlobalSection
EndGlobal
