
Microsoft Visual Studio Solution File, Format Version 11.00
# Visual Studio 2010
Project("{FAE04EC0-301F-11D3-BF4B-00C04F79EFBC}") = "Assembly-CSharp", "Assembly-CSharp.csproj", "{5040A66E-7254-294F-5946-29B245F21473}"
EndProject
Global
	GlobalSection(SolutionConfigurationPlatforms) = preSolution
		Debug|Any CPU = Debug|Any CPU
		Release|Any CPU = Release|Any CPU
	EndGlobalSection
	GlobalSection(ProjectConfigurationPlatforms) = postSolution
		{5040A66E-7254-294F-5946-29B245F21473}.Debug|Any CPU.ActiveCfg = Debug|Any CPU
		{5040A66E-7254-294F-5946-29B245F21473}.Debug|Any CPU.Build.0 = Debug|Any CPU
		{5040A66E-7254-294F-5946-29B245F21473}.Release|Any CPU.ActiveCfg = Release|Any CPU
		{5040A66E-7254-294F-5946-29B245F21473}.Release|Any CPU.Build.0 = Release|Any CPU
	EndGlobalSection
	GlobalSection(SolutionProperties) = preSolution
		HideSolutionNode = FALSE
	EndGlobalSection
EndGlobal
